
Microsoft Visual Studio Solution File, Format Version 12.00
# Visual Studio Version 17
VisualStudioVersion = 17.11.35222.181
MinimumVisualStudioVersion = 10.0.40219.1
Project("{8BC9CEB8-8B4A-11D0-8D11-00A0C91BC942}") = "Prueba_Plantilla", "Prueba_Plantilla\Prueba_Plantilla.vcxproj", "{1B4FA290-1AC7-4458-83EF-E96CA5F7D2AD}"
EndProject
Global
	GlobalSection(SolutionConfigurationPlatforms) = preSolution
		Debug|x64 = Debug|x64
		Debug|x86 = Debug|x86
		Release|x64 = Release|x64
		Release|x86 = Release|x86
	EndGlobalSection
	GlobalSection(ProjectConfigurationPlatforms) = postSolution
		{1B4FA290-1AC7-4458-83EF-E96CA5F7D2AD}.Debug|x64.ActiveCfg = Debug|x64
		{1B4FA290-1AC7-4458-83EF-E96CA5F7D2AD}.Debug|x64.Build.0 = Debug|x64
		{1B4FA290-1AC7-4458-83EF-E96CA5F7D2AD}.Debug|x86.ActiveCfg = Debug|Win32
		{1B4FA290-1AC7-4458-83EF-E96CA5F7D2AD}.Debug|x86.Build.0 = Debug|Win32
		{1B4FA290-1AC7-4458-83EF-E96CA5F7D2AD}.Release|x64.ActiveCfg = Release|x64
		{1B4FA290-1AC7-4458-83EF-E96CA5F7D2AD}.Release|x64.Build.0 = Release|x64
		{1B4FA290-1AC7-4458-83EF-E96CA5F7D2AD}.Release|x86.ActiveCfg = Release|Win32
		{1B4FA290-1AC7-4458-83EF-E96CA5F7D2AD}.Release|x86.Build.0 = Release|Win32
	EndGlobalSection
	GlobalSection(SolutionProperties) = preSolution
		HideSolutionNode = FALSE
	EndGlobalSection
	GlobalSection(ExtensibilityGlobals) = postSolution
		SolutionGuid = {E168A77B-B0D3-43C9-8406-428F3FE549E5}
	EndGlobalSection
EndGlobal
